// !$*UTF8*$!
{
	archiveVersion = 1;
	classes = {
	};
	objectVersion = 46;
	objects = {

/* Begin PBXBuildFile section */
		FC6ADB481B608ECB00F37FBD /* main.m in Sources */ = {isa = PBXBuildFile; fileRef = FC6ADB471B608ECB00F37FBD /* main.m */; };
		FC6ADB4B1B608ECB00F37FBD /* AppDelegate.m in Sources */ = {isa = PBXBuildFile; fileRef = FC6ADB4A1B608ECB00F37FBD /* AppDelegate.m */; };
		FC6ADB4E1B608ECB00F37FBD /* AboutViewController.m in Sources */ = {isa = PBXBuildFile; fileRef = FC6ADB4D1B608ECB00F37FBD /* AboutViewController.m */; };
		FC6ADB511B608ECB00F37FBD /* Main.storyboard in Resources */ = {isa = PBXBuildFile; fileRef = FC6ADB4F1B608ECB00F37FBD /* Main.storyboard */; };
		FC6ADB531B608ECB00F37FBD /* Images.xcassets in Resources */ = {isa = PBXBuildFile; fileRef = FC6ADB521B608ECB00F37FBD /* Images.xcassets */; };
		FC6ADB561B608ECB00F37FBD /* LaunchScreen.xib in Resources */ = {isa = PBXBuildFile; fileRef = FC6ADB541B608ECB00F37FBD /* LaunchScreen.xib */; };
		FC6ADB621B608ECB00F37FBD /* DemoLyricPlayerWithMusicTests.m in Sources */ = {isa = PBXBuildFile; fileRef = FC6ADB611B608ECB00F37FBD /* DemoLyricPlayerWithMusicTests.m */; };
		FC6ADB721B608EE300F37FBD /* VTXLyricPlayerView.m in Sources */ = {isa = PBXBuildFile; fileRef = FC6ADB6C1B608EE300F37FBD /* VTXLyricPlayerView.m */; };
		FC6ADB731B608EE300F37FBD /* VTXKaraokeLyricView.m in Sources */ = {isa = PBXBuildFile; fileRef = FC6ADB6F1B608EE300F37FBD /* VTXKaraokeLyricView.m */; };
		FC6ADB751B60A26A00F37FBD /* AVFoundation.framework in Frameworks */ = {isa = PBXBuildFile; fileRef = FC6ADB741B60A26A00F37FBD /* AVFoundation.framework */; };
		FC6ADB791B61A2FB00F37FBD /* RootViewController.m in Sources */ = {isa = PBXBuildFile; fileRef = FC6ADB781B61A2FB00F37FBD /* RootViewController.m */; };
		FC6ADB7C1B61ED0200F37FBD /* PlayMusicViewController.m in Sources */ = {isa = PBXBuildFile; fileRef = FC6ADB7B1B61ED0200F37FBD /* PlayMusicViewController.m */; };
		FC6ADB7F1B61F70F00F37FBD /* tbmhr.mp3 in Resources */ = {isa = PBXBuildFile; fileRef = FC6ADB7E1B61F70F00F37FBD /* tbmhr.mp3 */; };
		FC6ADB851B61F86900F37FBD /* VTXLyric.m in Sources */ = {isa = PBXBuildFile; fileRef = FC6ADB841B61F86900F37FBD /* VTXLyric.m */; };
		FC6ADB8F1B62033700F37FBD /* VTXLyricParser.m in Sources */ = {isa = PBXBuildFile; fileRef = FC6ADB8E1B62033700F37FBD /* VTXLyricParser.m */; };
		FCCCBE6A1B6220DC0017EC06 /* thai_binh_mo_hoi_roi.lrc in Resources */ = {isa = PBXBuildFile; fileRef = FCCCBE691B6220DC0017EC06 /* thai_binh_mo_hoi_roi.lrc */; };
		FCCCBE6C1B624C580017EC06 /* my_everything.mp3 in Resources */ = {isa = PBXBuildFile; fileRef = FCCCBE6B1B624C580017EC06 /* my_everything.mp3 */; };
		FCCCBE6E1B624D030017EC06 /* my_everything.lrc in Resources */ = {isa = PBXBuildFile; fileRef = FCCCBE6D1B624D030017EC06 /* my_everything.lrc */; };
/* End PBXBuildFile section */

/* Begin PBXContainerItemProxy section */
		FC6ADB5C1B608ECB00F37FBD /* PBXContainerItemProxy */ = {
			isa = PBXContainerItemProxy;
			containerPortal = FC6ADB3A1B608ECB00F37FBD /* Project object */;
			proxyType = 1;
			remoteGlobalIDString = FC6ADB411B608ECB00F37FBD;
			remoteInfo = DemoLyricPlayerWithMusic;
		};
/* End PBXContainerItemProxy section */

/* Begin PBXFileReference section */
		FC6ADB421B608ECB00F37FBD /* DemoLyricPlayerWithMusic.app */ = {isa = PBXFileReference; explicitFileType = wrapper.application; includeInIndex = 0; path = DemoLyricPlayerWithMusic.app; sourceTree = BUILT_PRODUCTS_DIR; };
		FC6ADB461B608ECB00F37FBD /* Info.plist */ = {isa = PBXFileReference; lastKnownFileType = text.plist.xml; path = Info.plist; sourceTree = "<group>"; };
		FC6ADB471B608ECB00F37FBD /* main.m */ = {isa = PBXFileReference; lastKnownFileType = sourcecode.c.objc; path = main.m; sourceTree = "<group>"; };
		FC6ADB491B608ECB00F37FBD /* AppDelegate.h */ = {isa = PBXFileReference; lastKnownFileType = sourcecode.c.h; path = AppDelegate.h; sourceTree = "<group>"; };
		FC6ADB4A1B608ECB00F37FBD /* AppDelegate.m */ = {isa = PBXFileReference; lastKnownFileType = sourcecode.c.objc; path = AppDelegate.m; sourceTree = "<group>"; };
		FC6ADB4C1B608ECB00F37FBD /* AboutViewController.h */ = {isa = PBXFileReference; lastKnownFileType = sourcecode.c.h; path = AboutViewController.h; sourceTree = "<group>"; };
		FC6ADB4D1B608ECB00F37FBD /* AboutViewController.m */ = {isa = PBXFileReference; lastKnownFileType = sourcecode.c.objc; path = AboutViewController.m; sourceTree = "<group>"; };
		FC6ADB501B608ECB00F37FBD /* Base */ = {isa = PBXFileReference; lastKnownFileType = file.storyboard; name = Base; path = Base.lproj/Main.storyboard; sourceTree = "<group>"; };
		FC6ADB521B608ECB00F37FBD /* Images.xcassets */ = {isa = PBXFileReference; lastKnownFileType = folder.assetcatalog; path = Images.xcassets; sourceTree = "<group>"; };
		FC6ADB551B608ECB00F37FBD /* Base */ = {isa = PBXFileReference; lastKnownFileType = file.xib; name = Base; path = Base.lproj/LaunchScreen.xib; sourceTree = "<group>"; };
		FC6ADB5B1B608ECB00F37FBD /* DemoLyricPlayerWithMusicTests.xctest */ = {isa = PBXFileReference; explicitFileType = wrapper.cfbundle; includeInIndex = 0; path = DemoLyricPlayerWithMusicTests.xctest; sourceTree = BUILT_PRODUCTS_DIR; };
		FC6ADB601B608ECB00F37FBD /* Info.plist */ = {isa = PBXFileReference; lastKnownFileType = text.plist.xml; path = Info.plist; sourceTree = "<group>"; };
		FC6ADB611B608ECB00F37FBD /* DemoLyricPlayerWithMusicTests.m */ = {isa = PBXFileReference; lastKnownFileType = sourcecode.c.objc; path = DemoLyricPlayerWithMusicTests.m; sourceTree = "<group>"; };
		FC6ADB6B1B608EE300F37FBD /* VTXLyricPlayerView.h */ = {isa = PBXFileReference; fileEncoding = 4; lastKnownFileType = sourcecode.c.h; path = VTXLyricPlayerView.h; sourceTree = "<group>"; };
		FC6ADB6C1B608EE300F37FBD /* VTXLyricPlayerView.m */ = {isa = PBXFileReference; fileEncoding = 4; lastKnownFileType = sourcecode.c.objc; path = VTXLyricPlayerView.m; sourceTree = "<group>"; };
		FC6ADB6E1B608EE300F37FBD /* VTXKaraokeLyricView.h */ = {isa = PBXFileReference; fileEncoding = 4; lastKnownFileType = sourcecode.c.h; path = VTXKaraokeLyricView.h; sourceTree = "<group>"; };
		FC6ADB6F1B608EE300F37FBD /* VTXKaraokeLyricView.m */ = {isa = PBXFileReference; fileEncoding = 4; lastKnownFileType = sourcecode.c.objc; path = VTXKaraokeLyricView.m; sourceTree = "<group>"; };
		FC6ADB741B60A26A00F37FBD /* AVFoundation.framework */ = {isa = PBXFileReference; lastKnownFileType = wrapper.framework; name = AVFoundation.framework; path = System/Library/Frameworks/AVFoundation.framework; sourceTree = SDKROOT; };
		FC6ADB771B61A2FB00F37FBD /* RootViewController.h */ = {isa = PBXFileReference; fileEncoding = 4; lastKnownFileType = sourcecode.c.h; path = RootViewController.h; sourceTree = "<group>"; };
		FC6ADB781B61A2FB00F37FBD /* RootViewController.m */ = {isa = PBXFileReference; fileEncoding = 4; lastKnownFileType = sourcecode.c.objc; path = RootViewController.m; sourceTree = "<group>"; };
		FC6ADB7A1B61ED0200F37FBD /* PlayMusicViewController.h */ = {isa = PBXFileReference; fileEncoding = 4; lastKnownFileType = sourcecode.c.h; path = PlayMusicViewController.h; sourceTree = "<group>"; };
		FC6ADB7B1B61ED0200F37FBD /* PlayMusicViewController.m */ = {isa = PBXFileReference; fileEncoding = 4; lastKnownFileType = sourcecode.c.objc; path = PlayMusicViewController.m; sourceTree = "<group>"; };
		FC6ADB7E1B61F70F00F37FBD /* tbmhr.mp3 */ = {isa = PBXFileReference; lastKnownFileType = audio.mp3; path = tbmhr.mp3; sourceTree = "<group>"; };
		FC6ADB831B61F86900F37FBD /* VTXLyric.h */ = {isa = PBXFileReference; fileEncoding = 4; lastKnownFileType = sourcecode.c.h; path = VTXLyric.h; sourceTree = "<group>"; };
		FC6ADB841B61F86900F37FBD /* VTXLyric.m */ = {isa = PBXFileReference; fileEncoding = 4; lastKnownFileType = sourcecode.c.objc; path = VTXLyric.m; sourceTree = "<group>"; };
		FC6ADB8D1B62033700F37FBD /* VTXLyricParser.h */ = {isa = PBXFileReference; fileEncoding = 4; lastKnownFileType = sourcecode.c.h; path = VTXLyricParser.h; sourceTree = "<group>"; };
		FC6ADB8E1B62033700F37FBD /* VTXLyricParser.m */ = {isa = PBXFileReference; fileEncoding = 4; lastKnownFileType = sourcecode.c.objc; path = VTXLyricParser.m; sourceTree = "<group>"; };
		FCCCBE691B6220DC0017EC06 /* thai_binh_mo_hoi_roi.lrc */ = {isa = PBXFileReference; fileEncoding = 4; lastKnownFileType = text; path = thai_binh_mo_hoi_roi.lrc; sourceTree = "<group>"; };
		FCCCBE6B1B624C580017EC06 /* my_everything.mp3 */ = {isa = PBXFileReference; lastKnownFileType = audio.mp3; path = my_everything.mp3; sourceTree = "<group>"; };
		FCCCBE6D1B624D030017EC06 /* my_everything.lrc */ = {isa = PBXFileReference; fileEncoding = 4; lastKnownFileType = text; path = my_everything.lrc; sourceTree = "<group>"; };
/* End PBXFileReference section */

/* Begin PBXFrameworksBuildPhase section */
		FC6ADB3F1B608ECB00F37FBD /* Frameworks */ = {
			isa = PBXFrameworksBuildPhase;
			buildActionMask = 2147483647;
			files = (
				FC6ADB751B60A26A00F37FBD /* AVFoundation.framework in Frameworks */,
			);
			runOnlyForDeploymentPostprocessing = 0;
		};
		FC6ADB581B608ECB00F37FBD /* Frameworks */ = {
			isa = PBXFrameworksBuildPhase;
			buildActionMask = 2147483647;
			files = (
			);
			runOnlyForDeploymentPostprocessing = 0;
		};
/* End PBXFrameworksBuildPhase section */

/* Begin PBXGroup section */
		FC6ADB391B608ECB00F37FBD = {
			isa = PBXGroup;
			children = (
				FC6ADB741B60A26A00F37FBD /* AVFoundation.framework */,
				FC6ADB441B608ECB00F37FBD /* DemoLyricPlayerWithMusic */,
				FC6ADB761B61A2B700F37FBD /* View Controllers */,
				FC6ADB7D1B61F6E500F37FBD /* Music Files */,
				FC6ADB861B61F9C900F37FBD /* Lyrics */,
				FC6ADB5E1B608ECB00F37FBD /* DemoLyricPlayerWithMusicTests */,
				FC6ADB431B608ECB00F37FBD /* Products */,
			);
			sourceTree = "<group>";
		};
		FC6ADB431B608ECB00F37FBD /* Products */ = {
			isa = PBXGroup;
			children = (
				FC6ADB421B608ECB00F37FBD /* DemoLyricPlayerWithMusic.app */,
				FC6ADB5B1B608ECB00F37FBD /* DemoLyricPlayerWithMusicTests.xctest */,
			);
			name = Products;
			sourceTree = "<group>";
		};
		FC6ADB441B608ECB00F37FBD /* DemoLyricPlayerWithMusic */ = {
			isa = PBXGroup;
			children = (
				FC6ADB711B608EE300F37FBD /* Classes */,
				FC6ADB491B608ECB00F37FBD /* AppDelegate.h */,
				FC6ADB4A1B608ECB00F37FBD /* AppDelegate.m */,
				FC6ADB4F1B608ECB00F37FBD /* Main.storyboard */,
				FC6ADB521B608ECB00F37FBD /* Images.xcassets */,
				FC6ADB541B608ECB00F37FBD /* LaunchScreen.xib */,
				FC6ADB451B608ECB00F37FBD /* Supporting Files */,
			);
			path = DemoLyricPlayerWithMusic;
			sourceTree = "<group>";
		};
		FC6ADB451B608ECB00F37FBD /* Supporting Files */ = {
			isa = PBXGroup;
			children = (
				FC6ADB461B608ECB00F37FBD /* Info.plist */,
				FC6ADB471B608ECB00F37FBD /* main.m */,
			);
			name = "Supporting Files";
			sourceTree = "<group>";
		};
		FC6ADB5E1B608ECB00F37FBD /* DemoLyricPlayerWithMusicTests */ = {
			isa = PBXGroup;
			children = (
				FC6ADB611B608ECB00F37FBD /* DemoLyricPlayerWithMusicTests.m */,
				FC6ADB5F1B608ECB00F37FBD /* Supporting Files */,
			);
			path = DemoLyricPlayerWithMusicTests;
			sourceTree = "<group>";
		};
		FC6ADB5F1B608ECB00F37FBD /* Supporting Files */ = {
			isa = PBXGroup;
			children = (
				FC6ADB601B608ECB00F37FBD /* Info.plist */,
			);
			name = "Supporting Files";
			sourceTree = "<group>";
		};
		FC6ADB6D1B608EE300F37FBD /* VTXLyricPlayerView */ = {
			isa = PBXGroup;
			children = (
				FC6ADB6B1B608EE300F37FBD /* VTXLyricPlayerView.h */,
				FC6ADB6C1B608EE300F37FBD /* VTXLyricPlayerView.m */,
				FC6ADB831B61F86900F37FBD /* VTXLyric.h */,
				FC6ADB841B61F86900F37FBD /* VTXLyric.m */,
				FC6ADB8D1B62033700F37FBD /* VTXLyricParser.h */,
				FC6ADB8E1B62033700F37FBD /* VTXLyricParser.m */,
			);
			path = VTXLyricPlayerView;
			sourceTree = "<group>";
		};
		FC6ADB701B608EE300F37FBD /* VTXKaraokeView */ = {
			isa = PBXGroup;
			children = (
				FC6ADB6E1B608EE300F37FBD /* VTXKaraokeLyricView.h */,
				FC6ADB6F1B608EE300F37FBD /* VTXKaraokeLyricView.m */,
			);
			path = VTXKaraokeView;
			sourceTree = "<group>";
		};
		FC6ADB711B608EE300F37FBD /* Classes */ = {
			isa = PBXGroup;
			children = (
				FC6ADB6D1B608EE300F37FBD /* VTXLyricPlayerView */,
				FC6ADB701B608EE300F37FBD /* VTXKaraokeView */,
			);
			name = Classes;
			path = ../../classes;
			sourceTree = "<group>";
		};
		FC6ADB761B61A2B700F37FBD /* View Controllers */ = {
			isa = PBXGroup;
			children = (
				FC6ADB4C1B608ECB00F37FBD /* AboutViewController.h */,
				FC6ADB4D1B608ECB00F37FBD /* AboutViewController.m */,
				FC6ADB771B61A2FB00F37FBD /* RootViewController.h */,
				FC6ADB781B61A2FB00F37FBD /* RootViewController.m */,
				FC6ADB7A1B61ED0200F37FBD /* PlayMusicViewController.h */,
				FC6ADB7B1B61ED0200F37FBD /* PlayMusicViewController.m */,
			);
			name = "View Controllers";
			path = DemoLyricPlayerWithMusic;
			sourceTree = "<group>";
		};
		FC6ADB7D1B61F6E500F37FBD /* Music Files */ = {
			isa = PBXGroup;
			children = (
				FCCCBE6B1B624C580017EC06 /* my_everything.mp3 */,
				FC6ADB7E1B61F70F00F37FBD /* tbmhr.mp3 */,
			);
			name = "Music Files";
			path = "DemoLyricPlayerWithMusic/Music Files";
			sourceTree = "<group>";
		};
		FC6ADB861B61F9C900F37FBD /* Lyrics */ = {
			isa = PBXGroup;
			children = (
				FCCCBE6D1B624D030017EC06 /* my_everything.lrc */,
				FCCCBE691B6220DC0017EC06 /* thai_binh_mo_hoi_roi.lrc */,
			);
			name = Lyrics;
			path = DemoLyricPlayerWithMusic/Lyrics;
			sourceTree = "<group>";
		};
/* End PBXGroup section */

/* Begin PBXNativeTarget section */
		FC6ADB411B608ECB00F37FBD /* DemoLyricPlayerWithMusic */ = {
			isa = PBXNativeTarget;
			buildConfigurationList = FC6ADB651B608ECB00F37FBD /* Build configuration list for PBXNativeTarget "DemoLyricPlayerWithMusic" */;
			buildPhases = (
				FC6ADB3E1B608ECB00F37FBD /* Sources */,
				FC6ADB3F1B608ECB00F37FBD /* Frameworks */,
				FC6ADB401B608ECB00F37FBD /* Resources */,
			);
			buildRules = (
			);
			dependencies = (
			);
			name = DemoLyricPlayerWithMusic;
			productName = DemoLyricPlayerWithMusic;
			productReference = FC6ADB421B608ECB00F37FBD /* DemoLyricPlayerWithMusic.app */;
			productType = "com.apple.product-type.application";
		};
		FC6ADB5A1B608ECB00F37FBD /* DemoLyricPlayerWithMusicTests */ = {
			isa = PBXNativeTarget;
			buildConfigurationList = FC6ADB681B608ECB00F37FBD /* Build configuration list for PBXNativeTarget "DemoLyricPlayerWithMusicTests" */;
			buildPhases = (
				FC6ADB571B608ECB00F37FBD /* Sources */,
				FC6ADB581B608ECB00F37FBD /* Frameworks */,
				FC6ADB591B608ECB00F37FBD /* Resources */,
			);
			buildRules = (
			);
			dependencies = (
				FC6ADB5D1B608ECB00F37FBD /* PBXTargetDependency */,
			);
			name = DemoLyricPlayerWithMusicTests;
			productName = DemoLyricPlayerWithMusicTests;
			productReference = FC6ADB5B1B608ECB00F37FBD /* DemoLyricPlayerWithMusicTests.xctest */;
			productType = "com.apple.product-type.bundle.unit-test";
		};
/* End PBXNativeTarget section */

/* Begin PBXProject section */
		FC6ADB3A1B608ECB00F37FBD /* Project object */ = {
			isa = PBXProject;
			attributes = {
				LastUpgradeCheck = 0640;
				ORGANIZATIONNAME = Viettranx;
				TargetAttributes = {
					FC6ADB411B608ECB00F37FBD = {
						CreatedOnToolsVersion = 6.4;
					};
					FC6ADB5A1B608ECB00F37FBD = {
						CreatedOnToolsVersion = 6.4;
						TestTargetID = FC6ADB411B608ECB00F37FBD;
					};
				};
			};
			buildConfigurationList = FC6ADB3D1B608ECB00F37FBD /* Build configuration list for PBXProject "DemoLyricPlayerWithMusic" */;
			compatibilityVersion = "Xcode 3.2";
			developmentRegion = English;
			hasScannedForEncodings = 0;
			knownRegions = (
				en,
				Base,
			);
			mainGroup = FC6ADB391B608ECB00F37FBD;
			productRefGroup = FC6ADB431B608ECB00F37FBD /* Products */;
			projectDirPath = "";
			projectRoot = "";
			targets = (
				FC6ADB411B608ECB00F37FBD /* DemoLyricPlayerWithMusic */,
				FC6ADB5A1B608ECB00F37FBD /* DemoLyricPlayerWithMusicTests */,
			);
		};
/* End PBXProject section */

/* Begin PBXResourcesBuildPhase section */
		FC6ADB401B608ECB00F37FBD /* Resources */ = {
			isa = PBXResourcesBuildPhase;
			buildActionMask = 2147483647;
			files = (
				FC6ADB511B608ECB00F37FBD /* Main.storyboard in Resources */,
				FC6ADB561B608ECB00F37FBD /* LaunchScreen.xib in Resources */,
				FCCCBE6E1B624D030017EC06 /* my_everything.lrc in Resources */,
				FC6ADB531B608ECB00F37FBD /* Images.xcassets in Resources */,
				FCCCBE6A1B6220DC0017EC06 /* thai_binh_mo_hoi_roi.lrc in Resources */,
				FC6ADB7F1B61F70F00F37FBD /* tbmhr.mp3 in Resources */,
				FCCCBE6C1B624C580017EC06 /* my_everything.mp3 in Resources */,
			);
			runOnlyForDeploymentPostprocessing = 0;
		};
		FC6ADB591B608ECB00F37FBD /* Resources */ = {
			isa = PBXResourcesBuildPhase;
			buildActionMask = 2147483647;
			files = (
			);
			runOnlyForDeploymentPostprocessing = 0;
		};
/* End PBXResourcesBuildPhase section */

/* Begin PBXSourcesBuildPhase section */
		FC6ADB3E1B608ECB00F37FBD /* Sources */ = {
			isa = PBXSourcesBuildPhase;
			buildActionMask = 2147483647;
			files = (
				FC6ADB721B608EE300F37FBD /* VTXLyricPlayerView.m in Sources */,
				FC6ADB8F1B62033700F37FBD /* VTXLyricParser.m in Sources */,
				FC6ADB4E1B608ECB00F37FBD /* AboutViewController.m in Sources */,
				FC6ADB851B61F86900F37FBD /* VTXLyric.m in Sources */,
				FC6ADB791B61A2FB00F37FBD /* RootViewController.m in Sources */,
				FC6ADB7C1B61ED0200F37FBD /* PlayMusicViewController.m in Sources */,
				FC6ADB731B608EE300F37FBD /* VTXKaraokeLyricView.m in Sources */,
				FC6ADB4B1B608ECB00F37FBD /* AppDelegate.m in Sources */,
				FC6ADB481B608ECB00F37FBD /* main.m in Sources */,
			);
			runOnlyForDeploymentPostprocessing = 0;
		};
		FC6ADB571B608ECB00F37FBD /* Sources */ = {
			isa = PBXSourcesBuildPhase;
			buildActionMask = 2147483647;
			files = (
				FC6ADB621B608ECB00F37FBD /* DemoLyricPlayerWithMusicTests.m in Sources */,
			);
			runOnlyForDeploymentPostprocessing = 0;
		};
/* End PBXSourcesBuildPhase section */

/* Begin PBXTargetDependency section */
		FC6ADB5D1B608ECB00F37FBD /* PBXTargetDependency */ = {
			isa = PBXTargetDependency;
			target = FC6ADB411B608ECB00F37FBD /* DemoLyricPlayerWithMusic */;
			targetProxy = FC6ADB5C1B608ECB00F37FBD /* PBXContainerItemProxy */;
		};
/* End PBXTargetDependency section */

/* Begin PBXVariantGroup section */
		FC6ADB4F1B608ECB00F37FBD /* Main.storyboard */ = {
			isa = PBXVariantGroup;
			children = (
				FC6ADB501B608ECB00F37FBD /* Base */,
			);
			name = Main.storyboard;
			sourceTree = "<group>";
		};
		FC6ADB541B608ECB00F37FBD /* LaunchScreen.xib */ = {
			isa = PBXVariantGroup;
			children = (
				FC6ADB551B608ECB00F37FBD /* Base */,
			);
			name = LaunchScreen.xib;
			sourceTree = "<group>";
		};
/* End PBXVariantGroup section */

/* Begin XCBuildConfiguration section */
		FC6ADB631B608ECB00F37FBD /* Debug */ = {
			isa = XCBuildConfiguration;
			buildSettings = {
				ALWAYS_SEARCH_USER_PATHS = NO;
				CLANG_CXX_LANGUAGE_STANDARD = "gnu++0x";
				CLANG_CXX_LIBRARY = "libc++";
				CLANG_ENABLE_MODULES = YES;
				CLANG_ENABLE_OBJC_ARC = YES;
				CLANG_WARN_BOOL_CONVERSION = YES;
				CLANG_WARN_CONSTANT_CONVERSION = YES;
				CLANG_WARN_DIRECT_OBJC_ISA_USAGE = YES_ERROR;
				CLANG_WARN_EMPTY_BODY = YES;
				CLANG_WARN_ENUM_CONVERSION = YES;
				CLANG_WARN_INT_CONVERSION = YES;
				CLANG_WARN_OBJC_ROOT_CLASS = YES_ERROR;
				CLANG_WARN_UNREACHABLE_CODE = YES;
				CLANG_WARN__DUPLICATE_METHOD_MATCH = YES;
				"CODE_SIGN_IDENTITY[sdk=iphoneos*]" = "iPhone Developer";
				COPY_PHASE_STRIP = NO;
				DEBUG_INFORMATION_FORMAT = "dwarf-with-dsym";
				ENABLE_STRICT_OBJC_MSGSEND = YES;
				GCC_C_LANGUAGE_STANDARD = gnu99;
				GCC_DYNAMIC_NO_PIC = NO;
				GCC_NO_COMMON_BLOCKS = YES;
				GCC_OPTIMIZATION_LEVEL = 0;
				GCC_PREPROCESSOR_DEFINITIONS = (
					"DEBUG=1",
					"$(inherited)",
				);
				GCC_SYMBOLS_PRIVATE_EXTERN = NO;
				GCC_WARN_64_TO_32_BIT_CONVERSION = YES;
				GCC_WARN_ABOUT_RETURN_TYPE = YES_ERROR;
				GCC_WARN_UNDECLARED_SELECTOR = YES;
				GCC_WARN_UNINITIALIZED_AUTOS = YES_AGGRESSIVE;
				GCC_WARN_UNUSED_FUNCTION = YES;
				GCC_WARN_UNUSED_VARIABLE = YES;
				IPHONEOS_DEPLOYMENT_TARGET = 8.4;
				MTL_ENABLE_DEBUG_INFO = YES;
				ONLY_ACTIVE_ARCH = YES;
				SDKROOT = iphoneos;
			};
			name = Debug;
		};
		FC6ADB641B608ECB00F37FBD /* Release */ = {
			isa = XCBuildConfiguration;
			buildSettings = {
				ALWAYS_SEARCH_USER_PATHS = NO;
				CLANG_CXX_LANGUAGE_STANDARD = "gnu++0x";
				CLANG_CXX_LIBRARY = "libc++";
				CLANG_ENABLE_MODULES = YES;
				CLANG_ENABLE_OBJC_ARC = YES;
				CLANG_WARN_BOOL_CONVERSION = YES;
				CLANG_WARN_CONSTANT_CONVERSION = YES;
				CLANG_WARN_DIRECT_OBJC_ISA_USAGE = YES_ERROR;
				CLANG_WARN_EMPTY_BODY = YES;
				CLANG_WARN_ENUM_CONVERSION = YES;
				CLANG_WARN_INT_CONVERSION = YES;
				CLANG_WARN_OBJC_ROOT_CLASS = YES_ERROR;
				CLANG_WARN_UNREACHABLE_CODE = YES;
				CLANG_WARN__DUPLICATE_METHOD_MATCH = YES;
				"CODE_SIGN_IDENTITY[sdk=iphoneos*]" = "iPhone Developer";
				COPY_PHASE_STRIP = NO;
				DEBUG_INFORMATION_FORMAT = "dwarf-with-dsym";
				ENABLE_NS_ASSERTIONS = NO;
				ENABLE_STRICT_OBJC_MSGSEND = YES;
				GCC_C_LANGUAGE_STANDARD = gnu99;
				GCC_NO_COMMON_BLOCKS = YES;
				GCC_WARN_64_TO_32_BIT_CONVERSION = YES;
				GCC_WARN_ABOUT_RETURN_TYPE = YES_ERROR;
				GCC_WARN_UNDECLARED_SELECTOR = YES;
				GCC_WARN_UNINITIALIZED_AUTOS = YES_AGGRESSIVE;
				GCC_WARN_UNUSED_FUNCTION = YES;
				GCC_WARN_UNUSED_VARIABLE = YES;
				IPHONEOS_DEPLOYMENT_TARGET = 8.4;
				MTL_ENABLE_DEBUG_INFO = NO;
				SDKROOT = iphoneos;
				VALIDATE_PRODUCT = YES;
			};
			name = Release;
		};
		FC6ADB661B608ECB00F37FBD /* Debug */ = {
			isa = XCBuildConfiguration;
			buildSettings = {
				ASSETCATALOG_COMPILER_APPICON_NAME = AppIcon;
				INFOPLIST_FILE = DemoLyricPlayerWithMusic/Info.plist;
				LD_RUNPATH_SEARCH_PATHS = "$(inherited) @executable_path/Frameworks";
				PRODUCT_NAME = "$(TARGET_NAME)";
			};
			name = Debug;
		};
		FC6ADB671B608ECB00F37FBD /* Release */ = {
			isa = XCBuildConfiguration;
			buildSettings = {
				ASSETCATALOG_COMPILER_APPICON_NAME = AppIcon;
				INFOPLIST_FILE = DemoLyricPlayerWithMusic/Info.plist;
				LD_RUNPATH_SEARCH_PATHS = "$(inherited) @executable_path/Frameworks";
				PRODUCT_NAME = "$(TARGET_NAME)";
			};
			name = Release;
		};
		FC6ADB691B608ECB00F37FBD /* Debug */ = {
			isa = XCBuildConfiguration;
			buildSettings = {
				BUNDLE_LOADER = "$(TEST_HOST)";
				FRAMEWORK_SEARCH_PATHS = (
					"$(SDKROOT)/Developer/Library/Frameworks",
					"$(inherited)",
				);
				GCC_PREPROCESSOR_DEFINITIONS = (
					"DEBUG=1",
					"$(inherited)",
				);
				INFOPLIST_FILE = DemoLyricPlayerWithMusicTests/Info.plist;
				LD_RUNPATH_SEARCH_PATHS = "$(inherited) @executable_path/Frameworks @loader_path/Frameworks";
				PRODUCT_NAME = "$(TARGET_NAME)";
				TEST_HOST = "$(BUILT_PRODUCTS_DIR)/DemoLyricPlayerWithMusic.app/DemoLyricPlayerWithMusic";
			};
			name = Debug;
		};
		FC6ADB6A1B608ECB00F37FBD /* Release */ = {
			isa = XCBuildConfiguration;
			buildSettings = {
				BUNDLE_LOADER = "$(TEST_HOST)";
				FRAMEWORK_SEARCH_PATHS = (
					"$(SDKROOT)/Developer/Library/Frameworks",
					"$(inherited)",
				);
				INFOPLIST_FILE = DemoLyricPlayerWithMusicTests/Info.plist;
				LD_RUNPATH_SEARCH_PATHS = "$(inherited) @executable_path/Frameworks @loader_path/Frameworks";
				PRODUCT_NAME = "$(TARGET_NAME)";
				TEST_HOST = "$(BUILT_PRODUCTS_DIR)/DemoLyricPlayerWithMusic.app/DemoLyricPlayerWithMusic";
			};
			name = Release;
		};
/* End XCBuildConfiguration section */

/* Begin XCConfigurationList section */
		FC6ADB3D1B608ECB00F37FBD /* Build configuration list for PBXProject "DemoLyricPlayerWithMusic" */ = {
			isa = XCConfigurationList;
			buildConfigurations = (
				FC6ADB631B608ECB00F37FBD /* Debug */,
				FC6ADB641B608ECB00F37FBD /* Release */,
			);
			defaultConfigurationIsVisible = 0;
			defaultConfigurationName = Release;
		};
		FC6ADB651B608ECB00F37FBD /* Build configuration list for PBXNativeTarget "DemoLyricPlayerWithMusic" */ = {
			isa = XCConfigurationList;
			buildConfigurations = (
				FC6ADB661B608ECB00F37FBD /* Debug */,
				FC6ADB671B608ECB00F37FBD /* Release */,
			);
			defaultConfigurationIsVisible = 0;
			defaultConfigurationName = Release;
		};
		FC6ADB681B608ECB00F37FBD /* Build configuration list for PBXNativeTarget "DemoLyricPlayerWithMusicTests" */ = {
			isa = XCConfigurationList;
			buildConfigurations = (
				FC6ADB691B608ECB00F37FBD /* Debug */,
				FC6ADB6A1B608ECB00F37FBD /* Release */,
			);
			defaultConfigurationIsVisible = 0;
			defaultConfigurationName = Release;
		};
/* End XCConfigurationList section */
	};
	rootObject = FC6ADB3A1B608ECB00F37FBD /* Project object */;
}
